// !$*UTF8*$!
{
	archiveVersion = 1;
	classes = {
	};
	objectVersion = 51;
	objects = {

/* Begin PBXBuildFile section */
		490F2F6822AA69140020B8C9 /* CustomCell.xib in Resources */ = {isa = PBXBuildFile; fileRef = 490F2F6722AA69140020B8C9 /* CustomCell.xib */; };
		490F2F6A22AA6B160020B8C9 /* GradientView.swift in Sources */ = {isa = PBXBuildFile; fileRef = 490F2F6922AA6B160020B8C9 /* GradientView.swift */; };
		490F2F6C22AA6C900020B8C9 /* CustomTableviewCell.swift in Sources */ = {isa = PBXBuildFile; fileRef = 490F2F6B22AA6C900020B8C9 /* CustomTableviewCell.swift */; };
		490F2F7822AE5E120020B8C9 /* NewsViewController.swift in Sources */ = {isa = PBXBuildFile; fileRef = 490F2F7722AE5E120020B8C9 /* NewsViewController.swift */; };
		490F2F7A22AE5F1B0020B8C9 /* NewsCell.swift in Sources */ = {isa = PBXBuildFile; fileRef = 490F2F7922AE5F1B0020B8C9 /* NewsCell.swift */; };
		490F2F7C22AF5D190020B8C9 /* NewsModel.swift in Sources */ = {isa = PBXBuildFile; fileRef = 490F2F7B22AF5D180020B8C9 /* NewsModel.swift */; };
		490F2F7E22AFAEFC0020B8C9 /* CustomNewsCell.xib in Resources */ = {isa = PBXBuildFile; fileRef = 490F2F7D22AFAEFC0020B8C9 /* CustomNewsCell.xib */; };
		49605AB122BB3101004C3D6D /* CastomPushAnimator.swift in Sources */ = {isa = PBXBuildFile; fileRef = 49605AB022BB3101004C3D6D /* CastomPushAnimator.swift */; };
		49605AB322BB91D2004C3D6D /* CustomSeque.swift in Sources */ = {isa = PBXBuildFile; fileRef = 49605AB222BB91D2004C3D6D /* CustomSeque.swift */; };
		49605AB522BB920F004C3D6D /* CustomNavigationController.swift in Sources */ = {isa = PBXBuildFile; fileRef = 49605AB422BB920F004C3D6D /* CustomNavigationController.swift */; };
		49605AB722BC87D9004C3D6D /* CustomNavigationController2.swift in Sources */ = {isa = PBXBuildFile; fileRef = 49605AB622BC87D9004C3D6D /* CustomNavigationController2.swift */; };
		498E13522296B04A00C72ECA /* FriendsCell.swift in Sources */ = {isa = PBXBuildFile; fileRef = 498E13512296B04A00C72ECA /* FriendsCell.swift */; };
		498E13542296B3DC00C72ECA /* ForcastCell.swift in Sources */ = {isa = PBXBuildFile; fileRef = 498E13532296B3DC00C72ECA /* ForcastCell.swift */; };
		498E13572296E07F00C72ECA /* GroopCell.swift in Sources */ = {isa = PBXBuildFile; fileRef = 498E13562296E07F00C72ECA /* GroopCell.swift */; };
		498E13592296F3D900C72ECA /* FriendsModel.swift in Sources */ = {isa = PBXBuildFile; fileRef = 498E13582296F3D900C72ECA /* FriendsModel.swift */; };
		498E135B2296F3F900C72ECA /* GroupModel.swift in Sources */ = {isa = PBXBuildFile; fileRef = 498E135A2296F3F900C72ECA /* GroupModel.swift */; };
		498EB7CB228BBAC500657B22 /* AppDelegate.swift in Sources */ = {isa = PBXBuildFile; fileRef = 498EB7CA228BBAC500657B22 /* AppDelegate.swift */; };
		498EB7CD228BBAC500657B22 /* ViewController.swift in Sources */ = {isa = PBXBuildFile; fileRef = 498EB7CC228BBAC500657B22 /* ViewController.swift */; };
		498EB7D0228BBAC500657B22 /* Main.storyboard in Resources */ = {isa = PBXBuildFile; fileRef = 498EB7CE228BBAC500657B22 /* Main.storyboard */; };
		498EB7D2228BBAC800657B22 /* Assets.xcassets in Resources */ = {isa = PBXBuildFile; fileRef = 498EB7D1228BBAC800657B22 /* Assets.xcassets */; };
		498EB7D5228BBAC800657B22 /* LaunchScreen.storyboard in Resources */ = {isa = PBXBuildFile; fileRef = 498EB7D3228BBAC800657B22 /* LaunchScreen.storyboard */; };
		498EB7DD228BC49E00657B22 /* LauncheControler.swift in Sources */ = {isa = PBXBuildFile; fileRef = 498EB7DC228BC49E00657B22 /* LauncheControler.swift */; };
		498FD3BD2303AFBF001AB0FA /* RefreshContents.xib in Resources */ = {isa = PBXBuildFile; fileRef = 498FD3BC2303AFBF001AB0FA /* RefreshContents.xib */; };
		499A982E22919ABB00356DB7 /* MyFriendsViewController.swift in Sources */ = {isa = PBXBuildFile; fileRef = 499A982D22919ABB00356DB7 /* MyFriendsViewController.swift */; };
		499A983022919B2400356DB7 /* FriendsCollectionViewController.swift in Sources */ = {isa = PBXBuildFile; fileRef = 499A982F22919B2400356DB7 /* FriendsCollectionViewController.swift */; };
		499A983222919B7F00356DB7 /* UserGroupViewController.swift in Sources */ = {isa = PBXBuildFile; fileRef = 499A983122919B7F00356DB7 /* UserGroupViewController.swift */; };
		499A983422919BC800356DB7 /* SearchGroupViewController.swift in Sources */ = {isa = PBXBuildFile; fileRef = 499A983322919BC800356DB7 /* SearchGroupViewController.swift */; };
		49CA469D229D85A8008BA1FD /* UIView-Extension.swift in Sources */ = {isa = PBXBuildFile; fileRef = 49CA469C229D85A8008BA1FD /* UIView-Extension.swift */; };
		49E14E092306564A00FBEEFC /* VKLoginController.swift in Sources */ = {isa = PBXBuildFile; fileRef = 49E14E082306564A00FBEEFC /* VKLoginController.swift */; };
		49E14E0B23065BDC00FBEEFC /* VKLogin.storyboard in Resources */ = {isa = PBXBuildFile; fileRef = 49E14E0A23065BDC00FBEEFC /* VKLogin.storyboard */; };
		49E14E0D2306602A00FBEEFC /* WebKit.framework in Frameworks */ = {isa = PBXBuildFile; fileRef = 49E14E0C2306602A00FBEEFC /* WebKit.framework */; };
		49E14E0F230689B700FBEEFC /* Sessions.swift in Sources */ = {isa = PBXBuildFile; fileRef = 49E14E0E230689B700FBEEFC /* Sessions.swift */; };
		49E14E1123093F4A00FBEEFC /* NetworkService.swift in Sources */ = {isa = PBXBuildFile; fileRef = 49E14E1023093F4A00FBEEFC /* NetworkService.swift */; };
		58704BDE235FA74E9E2A16BC /* Pods_vKontakte.framework in Frameworks */ = {isa = PBXBuildFile; fileRef = EF2F244D71E9B6DBA1DA52C8 /* Pods_vKontakte.framework */; };
/* End PBXBuildFile section */

/* Begin PBXFileReference section */
		490F2F6722AA69140020B8C9 /* CustomCell.xib */ = {isa = PBXFileReference; lastKnownFileType = file.xib; path = CustomCell.xib; sourceTree = "<group>"; };
		490F2F6922AA6B160020B8C9 /* GradientView.swift */ = {isa = PBXFileReference; lastKnownFileType = sourcecode.swift; path = GradientView.swift; sourceTree = "<group>"; };
		490F2F6B22AA6C900020B8C9 /* CustomTableviewCell.swift */ = {isa = PBXFileReference; lastKnownFileType = sourcecode.swift; path = CustomTableviewCell.swift; sourceTree = "<group>"; };
		490F2F7722AE5E120020B8C9 /* NewsViewController.swift */ = {isa = PBXFileReference; lastKnownFileType = sourcecode.swift; path = NewsViewController.swift; sourceTree = "<group>"; };
		490F2F7922AE5F1B0020B8C9 /* NewsCell.swift */ = {isa = PBXFileReference; lastKnownFileType = sourcecode.swift; path = NewsCell.swift; sourceTree = "<group>"; };
		490F2F7B22AF5D180020B8C9 /* NewsModel.swift */ = {isa = PBXFileReference; lastKnownFileType = sourcecode.swift; path = NewsModel.swift; sourceTree = "<group>"; };
		490F2F7D22AFAEFC0020B8C9 /* CustomNewsCell.xib */ = {isa = PBXFileReference; lastKnownFileType = file.xib; path = CustomNewsCell.xib; sourceTree = "<group>"; };
		49605AB022BB3101004C3D6D /* CastomPushAnimator.swift */ = {isa = PBXFileReference; lastKnownFileType = sourcecode.swift; path = CastomPushAnimator.swift; sourceTree = "<group>"; };
		49605AB222BB91D2004C3D6D /* CustomSeque.swift */ = {isa = PBXFileReference; lastKnownFileType = sourcecode.swift; path = CustomSeque.swift; sourceTree = "<group>"; };
		49605AB422BB920F004C3D6D /* CustomNavigationController.swift */ = {isa = PBXFileReference; lastKnownFileType = sourcecode.swift; path = CustomNavigationController.swift; sourceTree = "<group>"; };
		49605AB622BC87D9004C3D6D /* CustomNavigationController2.swift */ = {isa = PBXFileReference; lastKnownFileType = sourcecode.swift; path = CustomNavigationController2.swift; sourceTree = "<group>"; };
		498E13512296B04A00C72ECA /* FriendsCell.swift */ = {isa = PBXFileReference; lastKnownFileType = sourcecode.swift; path = FriendsCell.swift; sourceTree = "<group>"; };
		498E13532296B3DC00C72ECA /* ForcastCell.swift */ = {isa = PBXFileReference; lastKnownFileType = sourcecode.swift; path = ForcastCell.swift; sourceTree = "<group>"; };
		498E13562296E07F00C72ECA /* GroopCell.swift */ = {isa = PBXFileReference; lastKnownFileType = sourcecode.swift; path = GroopCell.swift; sourceTree = "<group>"; };
		498E13582296F3D900C72ECA /* FriendsModel.swift */ = {isa = PBXFileReference; lastKnownFileType = sourcecode.swift; path = FriendsModel.swift; sourceTree = "<group>"; };
		498E135A2296F3F900C72ECA /* GroupModel.swift */ = {isa = PBXFileReference; lastKnownFileType = sourcecode.swift; path = GroupModel.swift; sourceTree = "<group>"; };
		498EB7C7228BBAC500657B22 /* vKontakte.app */ = {isa = PBXFileReference; explicitFileType = wrapper.application; includeInIndex = 0; path = vKontakte.app; sourceTree = BUILT_PRODUCTS_DIR; };
		498EB7CA228BBAC500657B22 /* AppDelegate.swift */ = {isa = PBXFileReference; lastKnownFileType = sourcecode.swift; path = AppDelegate.swift; sourceTree = "<group>"; };
		498EB7CC228BBAC500657B22 /* ViewController.swift */ = {isa = PBXFileReference; lastKnownFileType = sourcecode.swift; path = ViewController.swift; sourceTree = "<group>"; };
		498EB7CF228BBAC500657B22 /* Base */ = {isa = PBXFileReference; lastKnownFileType = file.storyboard; name = Base; path = Base.lproj/Main.storyboard; sourceTree = "<group>"; };
		498EB7D1228BBAC800657B22 /* Assets.xcassets */ = {isa = PBXFileReference; lastKnownFileType = folder.assetcatalog; path = Assets.xcassets; sourceTree = "<group>"; };
		498EB7D4228BBAC800657B22 /* Base */ = {isa = PBXFileReference; lastKnownFileType = file.storyboard; name = Base; path = Base.lproj/LaunchScreen.storyboard; sourceTree = "<group>"; };
		498EB7D6228BBAC800657B22 /* Info.plist */ = {isa = PBXFileReference; lastKnownFileType = text.plist.xml; path = Info.plist; sourceTree = "<group>"; };
		498EB7DC228BC49E00657B22 /* LauncheControler.swift */ = {isa = PBXFileReference; lastKnownFileType = sourcecode.swift; path = LauncheControler.swift; sourceTree = "<group>"; };
		498FD3BC2303AFBF001AB0FA /* RefreshContents.xib */ = {isa = PBXFileReference; fileEncoding = 4; lastKnownFileType = file.xib; path = RefreshContents.xib; sourceTree = "<group>"; };
		499A982D22919ABB00356DB7 /* MyFriendsViewController.swift */ = {isa = PBXFileReference; lastKnownFileType = sourcecode.swift; path = MyFriendsViewController.swift; sourceTree = "<group>"; };
		499A982F22919B2400356DB7 /* FriendsCollectionViewController.swift */ = {isa = PBXFileReference; lastKnownFileType = sourcecode.swift; path = FriendsCollectionViewController.swift; sourceTree = "<group>"; };
		499A983122919B7F00356DB7 /* UserGroupViewController.swift */ = {isa = PBXFileReference; lastKnownFileType = sourcecode.swift; path = UserGroupViewController.swift; sourceTree = "<group>"; };
		499A983322919BC800356DB7 /* SearchGroupViewController.swift */ = {isa = PBXFileReference; lastKnownFileType = sourcecode.swift; path = SearchGroupViewController.swift; sourceTree = "<group>"; };
		49CA469C229D85A8008BA1FD /* UIView-Extension.swift */ = {isa = PBXFileReference; lastKnownFileType = sourcecode.swift; path = "UIView-Extension.swift"; sourceTree = "<group>"; };
		49E14E082306564A00FBEEFC /* VKLoginController.swift */ = {isa = PBXFileReference; lastKnownFileType = sourcecode.swift; path = VKLoginController.swift; sourceTree = "<group>"; };
		49E14E0A23065BDC00FBEEFC /* VKLogin.storyboard */ = {isa = PBXFileReference; lastKnownFileType = file.storyboard; path = VKLogin.storyboard; sourceTree = "<group>"; };
		49E14E0C2306602A00FBEEFC /* WebKit.framework */ = {isa = PBXFileReference; lastKnownFileType = wrapper.framework; name = WebKit.framework; path = System/Library/Frameworks/WebKit.framework; sourceTree = SDKROOT; };
		49E14E0E230689B700FBEEFC /* Sessions.swift */ = {isa = PBXFileReference; lastKnownFileType = sourcecode.swift; path = Sessions.swift; sourceTree = "<group>"; };
		49E14E1023093F4A00FBEEFC /* NetworkService.swift */ = {isa = PBXFileReference; lastKnownFileType = sourcecode.swift; path = NetworkService.swift; sourceTree = "<group>"; };
		5197DE0BD605D8E562AE5667 /* Pods-vKontakte.debug.xcconfig */ = {isa = PBXFileReference; includeInIndex = 1; lastKnownFileType = text.xcconfig; name = "Pods-vKontakte.debug.xcconfig"; path = "Target Support Files/Pods-vKontakte/Pods-vKontakte.debug.xcconfig"; sourceTree = "<group>"; };
		B23C872B2F1EED678FCAA1E6 /* Pods-vKontakte.release.xcconfig */ = {isa = PBXFileReference; includeInIndex = 1; lastKnownFileType = text.xcconfig; name = "Pods-vKontakte.release.xcconfig"; path = "Target Support Files/Pods-vKontakte/Pods-vKontakte.release.xcconfig"; sourceTree = "<group>"; };
		EF2F244D71E9B6DBA1DA52C8 /* Pods_vKontakte.framework */ = {isa = PBXFileReference; explicitFileType = wrapper.framework; includeInIndex = 0; path = Pods_vKontakte.framework; sourceTree = BUILT_PRODUCTS_DIR; };
/* End PBXFileReference section */

/* Begin PBXFrameworksBuildPhase section */
		498EB7C4228BBAC500657B22 /* Frameworks */ = {
			isa = PBXFrameworksBuildPhase;
			buildActionMask = 2147483647;
			files = (
				49E14E0D2306602A00FBEEFC /* WebKit.framework in Frameworks */,
				58704BDE235FA74E9E2A16BC /* Pods_vKontakte.framework in Frameworks */,
			);
			runOnlyForDeploymentPostprocessing = 0;
		};
/* End PBXFrameworksBuildPhase section */

/* Begin PBXGroup section */
		49605AAF22BB30CC004C3D6D /* Transition */ = {
			isa = PBXGroup;
			children = (
				49605AB022BB3101004C3D6D /* CastomPushAnimator.swift */,
				49605AB222BB91D2004C3D6D /* CustomSeque.swift */,
				49605AB422BB920F004C3D6D /* CustomNavigationController.swift */,
				49605AB622BC87D9004C3D6D /* CustomNavigationController2.swift */,
			);
			path = Transition;
			sourceTree = "<group>";
		};
		498E13552296B89C00C72ECA /* Cells */ = {
			isa = PBXGroup;
			children = (
				498E13532296B3DC00C72ECA /* ForcastCell.swift */,
				498E13512296B04A00C72ECA /* FriendsCell.swift */,
				498E13562296E07F00C72ECA /* GroopCell.swift */,
				490F2F6722AA69140020B8C9 /* CustomCell.xib */,
				490F2F6922AA6B160020B8C9 /* GradientView.swift */,
				490F2F6B22AA6C900020B8C9 /* CustomTableviewCell.swift */,
				490F2F7922AE5F1B0020B8C9 /* NewsCell.swift */,
				490F2F7D22AFAEFC0020B8C9 /* CustomNewsCell.xib */,
			);
			path = Cells;
			sourceTree = "<group>";
		};
		498E135C2296F40B00C72ECA /* Models */ = {
			isa = PBXGroup;
			children = (
				498E13582296F3D900C72ECA /* FriendsModel.swift */,
				498E135A2296F3F900C72ECA /* GroupModel.swift */,
				490F2F7B22AF5D180020B8C9 /* NewsModel.swift */,
				49E14E0E230689B700FBEEFC /* Sessions.swift */,
			);
			path = Models;
			sourceTree = "<group>";
		};
		498EB7BE228BBAC500657B22 = {
			isa = PBXGroup;
			children = (
				498EB7C9228BBAC500657B22 /* vKontakte */,
				49E14E032306523E00FBEEFC /* Services */,
				498EB7C8228BBAC500657B22 /* Products */,
				E85605CD504ECFD6A5386F49 /* Pods */,
				A485DAB1C71F86FD638A99B1 /* Frameworks */,
			);
			sourceTree = "<group>";
		};
		498EB7C8228BBAC500657B22 /* Products */ = {
			isa = PBXGroup;
			children = (
				498EB7C7228BBAC500657B22 /* vKontakte.app */,
			);
			name = Products;
			sourceTree = "<group>";
		};
		498EB7C9228BBAC500657B22 /* vKontakte */ = {
			isa = PBXGroup;
			children = (
				49605AAF22BB30CC004C3D6D /* Transition */,
				499A982C2291996300356DB7 /* Controlers */,
				498EB7D1228BBAC800657B22 /* Assets.xcassets */,
				498EB7CC228BBAC500657B22 /* ViewController.swift */,
				49E14E07230652E600FBEEFC /* View */,
				498EB7D6228BBAC800657B22 /* Info.plist */,
				498EB7CA228BBAC500657B22 /* AppDelegate.swift */,
				498E135C2296F40B00C72ECA /* Models */,
			);
			path = vKontakte;
			sourceTree = "<group>";
		};
		499A982C2291996300356DB7 /* Controlers */ = {
			isa = PBXGroup;
			children = (
				498FD3BC2303AFBF001AB0FA /* RefreshContents.xib */,
				498EB7DC228BC49E00657B22 /* LauncheControler.swift */,
				499A982D22919ABB00356DB7 /* MyFriendsViewController.swift */,
				499A982F22919B2400356DB7 /* FriendsCollectionViewController.swift */,
				499A983122919B7F00356DB7 /* UserGroupViewController.swift */,
				499A983322919BC800356DB7 /* SearchGroupViewController.swift */,
				49CA469C229D85A8008BA1FD /* UIView-Extension.swift */,
				490F2F7722AE5E120020B8C9 /* NewsViewController.swift */,
				49E14E082306564A00FBEEFC /* VKLoginController.swift */,
			);
			path = Controlers;
			sourceTree = "<group>";
		};
		49E14E032306523E00FBEEFC /* Services */ = {
			isa = PBXGroup;
			children = (
				49E14E1023093F4A00FBEEFC /* NetworkService.swift */,
			);
			path = Services;
			sourceTree = "<group>";
		};
		49E14E06230652B600FBEEFC /* Storyboard */ = {
			isa = PBXGroup;
			children = (
				498EB7CE228BBAC500657B22 /* Main.storyboard */,
				498EB7D3228BBAC800657B22 /* LaunchScreen.storyboard */,
				49E14E0A23065BDC00FBEEFC /* VKLogin.storyboard */,
			);
			path = Storyboard;
			sourceTree = "<group>";
		};
		49E14E07230652E600FBEEFC /* View */ = {
			isa = PBXGroup;
			children = (
				498E13552296B89C00C72ECA /* Cells */,
				49E14E06230652B600FBEEFC /* Storyboard */,
			);
			path = View;
			sourceTree = "<group>";
		};
		A485DAB1C71F86FD638A99B1 /* Frameworks */ = {
			isa = PBXGroup;
			children = (
				49E14E0C2306602A00FBEEFC /* WebKit.framework */,
				EF2F244D71E9B6DBA1DA52C8 /* Pods_vKontakte.framework */,
			);
			name = Frameworks;
			sourceTree = "<group>";
		};
		E85605CD504ECFD6A5386F49 /* Pods */ = {
			isa = PBXGroup;
			children = (
				5197DE0BD605D8E562AE5667 /* Pods-vKontakte.debug.xcconfig */,
				B23C872B2F1EED678FCAA1E6 /* Pods-vKontakte.release.xcconfig */,
			);
			path = Pods;
			sourceTree = "<group>";
		};
/* End PBXGroup section */

/* Begin PBXNativeTarget section */
		498EB7C6228BBAC500657B22 /* vKontakte */ = {
			isa = PBXNativeTarget;
			buildConfigurationList = 498EB7D9228BBAC800657B22 /* Build configuration list for PBXNativeTarget "vKontakte" */;
			buildPhases = (
				9CAAD39C3F18E21C782D92DD /* [CP] Check Pods Manifest.lock */,
				498EB7C3228BBAC500657B22 /* Sources */,
				498EB7C4228BBAC500657B22 /* Frameworks */,
				498EB7C5228BBAC500657B22 /* Resources */,
				74F0615D5A299BDE02A5BEB3 /* [CP] Embed Pods Frameworks */,
			);
			buildRules = (
			);
			dependencies = (
			);
			name = vKontakte;
			productName = vKontakte;
			productReference = 498EB7C7228BBAC500657B22 /* vKontakte.app */;
			productType = "com.apple.product-type.application";
		};
/* End PBXNativeTarget section */

/* Begin PBXProject section */
		498EB7BF228BBAC500657B22 /* Project object */ = {
			isa = PBXProject;
			attributes = {
				LastSwiftUpdateCheck = 1020;
				LastUpgradeCheck = 1020;
				ORGANIZATIONNAME = Andrew;
				TargetAttributes = {
					498EB7C6228BBAC500657B22 = {
						CreatedOnToolsVersion = 10.2;
					};
				};
			};
			buildConfigurationList = 498EB7C2228BBAC500657B22 /* Build configuration list for PBXProject "vKontakte" */;
			compatibilityVersion = "Xcode 9.3";
			developmentRegion = en;
			hasScannedForEncodings = 0;
			knownRegions = (
				en,
				Base,
			);
			mainGroup = 498EB7BE228BBAC500657B22;
			productRefGroup = 498EB7C8228BBAC500657B22 /* Products */;
			projectDirPath = "";
			projectRoot = "";
			targets = (
				498EB7C6228BBAC500657B22 /* vKontakte */,
			);
		};
/* End PBXProject section */

/* Begin PBXResourcesBuildPhase section */
		498EB7C5228BBAC500657B22 /* Resources */ = {
			isa = PBXResourcesBuildPhase;
			buildActionMask = 2147483647;
			files = (
				498EB7D5228BBAC800657B22 /* LaunchScreen.storyboard in Resources */,
				498EB7D2228BBAC800657B22 /* Assets.xcassets in Resources */,
				490F2F6822AA69140020B8C9 /* CustomCell.xib in Resources */,
				490F2F7E22AFAEFC0020B8C9 /* CustomNewsCell.xib in Resources */,
				498EB7D0228BBAC500657B22 /* Main.storyboard in Resources */,
				498FD3BD2303AFBF001AB0FA /* RefreshContents.xib in Resources */,
				49E14E0B23065BDC00FBEEFC /* VKLogin.storyboard in Resources */,
			);
			runOnlyForDeploymentPostprocessing = 0;
		};
/* End PBXResourcesBuildPhase section */

/* Begin PBXShellScriptBuildPhase section */
		74F0615D5A299BDE02A5BEB3 /* [CP] Embed Pods Frameworks */ = {
			isa = PBXShellScriptBuildPhase;
			buildActionMask = 2147483647;
			files = (
			);
			inputFileListPaths = (
				"${PODS_ROOT}/Target Support Files/Pods-vKontakte/Pods-vKontakte-frameworks-${CONFIGURATION}-input-files.xcfilelist",
			);
			name = "[CP] Embed Pods Frameworks";
			outputFileListPaths = (
				"${PODS_ROOT}/Target Support Files/Pods-vKontakte/Pods-vKontakte-frameworks-${CONFIGURATION}-output-files.xcfilelist",
			);
			runOnlyForDeploymentPostprocessing = 0;
			shellPath = /bin/sh;
			shellScript = "\"${PODS_ROOT}/Target Support Files/Pods-vKontakte/Pods-vKontakte-frameworks.sh\"\n";
			showEnvVarsInLog = 0;
		};
		9CAAD39C3F18E21C782D92DD /* [CP] Check Pods Manifest.lock */ = {
			isa = PBXShellScriptBuildPhase;
			buildActionMask = 2147483647;
			files = (
			);
			inputFileListPaths = (
			);
			inputPaths = (
				"${PODS_PODFILE_DIR_PATH}/Podfile.lock",
				"${PODS_ROOT}/Manifest.lock",
			);
			name = "[CP] Check Pods Manifest.lock";
			outputFileListPaths = (
			);
			outputPaths = (
				"$(DERIVED_FILE_DIR)/Pods-vKontakte-checkManifestLockResult.txt",
			);
			runOnlyForDeploymentPostprocessing = 0;
			shellPath = /bin/sh;
			shellScript = "diff \"${PODS_PODFILE_DIR_PATH}/Podfile.lock\" \"${PODS_ROOT}/Manifest.lock\" > /dev/null\nif [ $? != 0 ] ; then\n    # print error to STDERR\n    echo \"error: The sandbox is not in sync with the Podfile.lock. Run 'pod install' or update your CocoaPods installation.\" >&2\n    exit 1\nfi\n# This output is used by Xcode 'outputs' to avoid re-running this script phase.\necho \"SUCCESS\" > \"${SCRIPT_OUTPUT_FILE_0}\"\n";
			showEnvVarsInLog = 0;
		};
/* End PBXShellScriptBuildPhase section */

/* Begin PBXSourcesBuildPhase section */
		498EB7C3228BBAC500657B22 /* Sources */ = {
			isa = PBXSourcesBuildPhase;
			buildActionMask = 2147483647;
			files = (
				498E13542296B3DC00C72ECA /* ForcastCell.swift in Sources */,
				49CA469D229D85A8008BA1FD /* UIView-Extension.swift in Sources */,
				498E13592296F3D900C72ECA /* FriendsModel.swift in Sources */,
				499A982E22919ABB00356DB7 /* MyFriendsViewController.swift in Sources */,
				490F2F6A22AA6B160020B8C9 /* GradientView.swift in Sources */,
				499A983222919B7F00356DB7 /* UserGroupViewController.swift in Sources */,
				49605AB522BB920F004C3D6D /* CustomNavigationController.swift in Sources */,
				499A983022919B2400356DB7 /* FriendsCollectionViewController.swift in Sources */,
				498E135B2296F3F900C72ECA /* GroupModel.swift in Sources */,
				49E14E0F230689B700FBEEFC /* Sessions.swift in Sources */,
				498EB7CD228BBAC500657B22 /* ViewController.swift in Sources */,
				49605AB122BB3101004C3D6D /* CastomPushAnimator.swift in Sources */,
				49605AB722BC87D9004C3D6D /* CustomNavigationController2.swift in Sources */,
				49E14E1123093F4A00FBEEFC /* NetworkService.swift in Sources */,
				498E13572296E07F00C72ECA /* GroopCell.swift in Sources */,
				499A983422919BC800356DB7 /* SearchGroupViewController.swift in Sources */,
				498EB7DD228BC49E00657B22 /* LauncheControler.swift in Sources */,
				49E14E092306564A00FBEEFC /* VKLoginController.swift in Sources */,
				490F2F7C22AF5D190020B8C9 /* NewsModel.swift in Sources */,
				49605AB322BB91D2004C3D6D /* CustomSeque.swift in Sources */,
				498EB7CB228BBAC500657B22 /* AppDelegate.swift in Sources */,
				490F2F7A22AE5F1B0020B8C9 /* NewsCell.swift in Sources */,
				490F2F6C22AA6C900020B8C9 /* CustomTableviewCell.swift in Sources */,
				498E13522296B04A00C72ECA /* FriendsCell.swift in Sources */,
				490F2F7822AE5E120020B8C9 /* NewsViewController.swift in Sources */,
			);
			runOnlyForDeploymentPostprocessing = 0;
		};
/* End PBXSourcesBuildPhase section */

/* Begin PBXVariantGroup section */
		498EB7CE228BBAC500657B22 /* Main.storyboard */ = {
			isa = PBXVariantGroup;
			children = (
				498EB7CF228BBAC500657B22 /* Base */,
			);
			name = Main.storyboard;
			sourceTree = "<group>";
		};
		498EB7D3228BBAC800657B22 /* LaunchScreen.storyboard */ = {
			isa = PBXVariantGroup;
			children = (
				498EB7D4228BBAC800657B22 /* Base */,
			);
			name = LaunchScreen.storyboard;
			sourceTree = "<group>";
		};
/* End PBXVariantGroup section */

/* Begin XCBuildConfiguration section */
		498EB7D7228BBAC800657B22 /* Debug */ = {
			isa = XCBuildConfiguration;
			buildSettings = {
				ALWAYS_SEARCH_USER_PATHS = NO;
				CLANG_ANALYZER_NONNULL = YES;
				CLANG_ANALYZER_NUMBER_OBJECT_CONVERSION = YES_AGGRESSIVE;
				CLANG_CXX_LANGUAGE_STANDARD = "gnu++14";
				CLANG_CXX_LIBRARY = "libc++";
				CLANG_ENABLE_MODULES = YES;
				CLANG_ENABLE_OBJC_ARC = YES;
				CLANG_ENABLE_OBJC_WEAK = YES;
				CLANG_WARN_BLOCK_CAPTURE_AUTORELEASING = YES;
				CLANG_WARN_BOOL_CONVERSION = YES;
				CLANG_WARN_COMMA = YES;
				CLANG_WARN_CONSTANT_CONVERSION = YES;
				CLANG_WARN_DEPRECATED_OBJC_IMPLEMENTATIONS = YES;
				CLANG_WARN_DIRECT_OBJC_ISA_USAGE = YES_ERROR;
				CLANG_WARN_DOCUMENTATION_COMMENTS = YES;
				CLANG_WARN_EMPTY_BODY = YES;
				CLANG_WARN_ENUM_CONVERSION = YES;
				CLANG_WARN_INFINITE_RECURSION = YES;
				CLANG_WARN_INT_CONVERSION = YES;
				CLANG_WARN_NON_LITERAL_NULL_CONVERSION = YES;
				CLANG_WARN_OBJC_IMPLICIT_RETAIN_SELF = YES;
				CLANG_WARN_OBJC_LITERAL_CONVERSION = YES;
				CLANG_WARN_OBJC_ROOT_CLASS = YES_ERROR;
				CLANG_WARN_RANGE_LOOP_ANALYSIS = YES;
				CLANG_WARN_STRICT_PROTOTYPES = YES;
				CLANG_WARN_SUSPICIOUS_MOVE = YES;
				CLANG_WARN_UNGUARDED_AVAILABILITY = YES_AGGRESSIVE;
				CLANG_WARN_UNREACHABLE_CODE = YES;
				CLANG_WARN__DUPLICATE_METHOD_MATCH = YES;
				CODE_SIGN_IDENTITY = "iPhone Developer";
				COPY_PHASE_STRIP = NO;
				DEBUG_INFORMATION_FORMAT = dwarf;
				ENABLE_STRICT_OBJC_MSGSEND = YES;
				ENABLE_TESTABILITY = YES;
				GCC_C_LANGUAGE_STANDARD = gnu11;
				GCC_DYNAMIC_NO_PIC = NO;
				GCC_NO_COMMON_BLOCKS = YES;
				GCC_OPTIMIZATION_LEVEL = 0;
				GCC_PREPROCESSOR_DEFINITIONS = (
					"DEBUG=1",
					"$(inherited)",
				);
				GCC_WARN_64_TO_32_BIT_CONVERSION = YES;
				GCC_WARN_ABOUT_RETURN_TYPE = YES_ERROR;
				GCC_WARN_UNDECLARED_SELECTOR = YES;
				GCC_WARN_UNINITIALIZED_AUTOS = YES_AGGRESSIVE;
				GCC_WARN_UNUSED_FUNCTION = YES;
				GCC_WARN_UNUSED_VARIABLE = YES;
				IPHONEOS_DEPLOYMENT_TARGET = 12.2;
				MTL_ENABLE_DEBUG_INFO = INCLUDE_SOURCE;
				MTL_FAST_MATH = YES;
				ONLY_ACTIVE_ARCH = YES;
				SDKROOT = iphoneos;
				SWIFT_ACTIVE_COMPILATION_CONDITIONS = DEBUG;
				SWIFT_OPTIMIZATION_LEVEL = "-Onone";
			};
			name = Debug;
		};
		498EB7D8228BBAC800657B22 /* Release */ = {
			isa = XCBuildConfiguration;
			buildSettings = {
				ALWAYS_SEARCH_USER_PATHS = NO;
				CLANG_ANALYZER_NONNULL = YES;
				CLANG_ANALYZER_NUMBER_OBJECT_CONVERSION = YES_AGGRESSIVE;
				CLANG_CXX_LANGUAGE_STANDARD = "gnu++14";
				CLANG_CXX_LIBRARY = "libc++";
				CLANG_ENABLE_MODULES = YES;
				CLANG_ENABLE_OBJC_ARC = YES;
				CLANG_ENABLE_OBJC_WEAK = YES;
				CLANG_WARN_BLOCK_CAPTURE_AUTORELEASING = YES;
				CLANG_WARN_BOOL_CONVERSION = YES;
				CLANG_WARN_COMMA = YES;
				CLANG_WARN_CONSTANT_CONVERSION = YES;
				CLANG_WARN_DEPRECATED_OBJC_IMPLEMENTATIONS = YES;
				CLANG_WARN_DIRECT_OBJC_ISA_USAGE = YES_ERROR;
				CLANG_WARN_DOCUMENTATION_COMMENTS = YES;
				CLANG_WARN_EMPTY_BODY = YES;
				CLANG_WARN_ENUM_CONVERSION = YES;
				CLANG_WARN_INFINITE_RECURSION = YES;
				CLANG_WARN_INT_CONVERSION = YES;
				CLANG_WARN_NON_LITERAL_NULL_CONVERSION = YES;
				CLANG_WARN_OBJC_IMPLICIT_RETAIN_SELF = YES;
				CLANG_WARN_OBJC_LITERAL_CONVERSION = YES;
				CLANG_WARN_OBJC_ROOT_CLASS = YES_ERROR;
				CLANG_WARN_RANGE_LOOP_ANALYSIS = YES;
				CLANG_WARN_STRICT_PROTOTYPES = YES;
				CLANG_WARN_SUSPICIOUS_MOVE = YES;
				CLANG_WARN_UNGUARDED_AVAILABILITY = YES_AGGRESSIVE;
				CLANG_WARN_UNREACHABLE_CODE = YES;
				CLANG_WARN__DUPLICATE_METHOD_MATCH = YES;
				CODE_SIGN_IDENTITY = "iPhone Developer";
				COPY_PHASE_STRIP = NO;
				DEBUG_INFORMATION_FORMAT = "dwarf-with-dsym";
				ENABLE_NS_ASSERTIONS = NO;
				ENABLE_STRICT_OBJC_MSGSEND = YES;
				GCC_C_LANGUAGE_STANDARD = gnu11;
				GCC_NO_COMMON_BLOCKS = YES;
				GCC_WARN_64_TO_32_BIT_CONVERSION = YES;
				GCC_WARN_ABOUT_RETURN_TYPE = YES_ERROR;
				GCC_WARN_UNDECLARED_SELECTOR = YES;
				GCC_WARN_UNINITIALIZED_AUTOS = YES_AGGRESSIVE;
				GCC_WARN_UNUSED_FUNCTION = YES;
				GCC_WARN_UNUSED_VARIABLE = YES;
				IPHONEOS_DEPLOYMENT_TARGET = 12.2;
				MTL_ENABLE_DEBUG_INFO = NO;
				MTL_FAST_MATH = YES;
				SDKROOT = iphoneos;
				SWIFT_COMPILATION_MODE = wholemodule;
				SWIFT_OPTIMIZATION_LEVEL = "-O";
				VALIDATE_PRODUCT = YES;
			};
			name = Release;
		};
		498EB7DA228BBAC800657B22 /* Debug */ = {
			isa = XCBuildConfiguration;
			baseConfigurationReference = 5197DE0BD605D8E562AE5667 /* Pods-vKontakte.debug.xcconfig */;
			buildSettings = {
				ASSETCATALOG_COMPILER_APPICON_NAME = AppIcon;
				CODE_SIGN_STYLE = Automatic;
				DEVELOPMENT_TEAM = 44DT7Y7UCU;
				INFOPLIST_FILE = vKontakte/Info.plist;
				IPHONEOS_DEPLOYMENT_TARGET = 12.2;
				LD_RUNPATH_SEARCH_PATHS = (
					"$(inherited)",
					"@executable_path/Frameworks",
				);
				PRODUCT_BUNDLE_IDENTIFIER = com.ithm.cont.vk;
				PRODUCT_NAME = "$(TARGET_NAME)";
				SWIFT_VERSION = 4.2;
				TARGETED_DEVICE_FAMILY = "1,2";
			};
			name = Debug;
		};
		498EB7DB228BBAC800657B22 /* Release */ = {
			isa = XCBuildConfiguration;
			baseConfigurationReference = B23C872B2F1EED678FCAA1E6 /* Pods-vKontakte.release.xcconfig */;
			buildSettings = {
				ASSETCATALOG_COMPILER_APPICON_NAME = AppIcon;
				CODE_SIGN_STYLE = Automatic;
				DEVELOPMENT_TEAM = 44DT7Y7UCU;
				INFOPLIST_FILE = vKontakte/Info.plist;
				IPHONEOS_DEPLOYMENT_TARGET = 12.2;
				LD_RUNPATH_SEARCH_PATHS = (
					"$(inherited)",
					"@executable_path/Frameworks",
				);
				PRODUCT_BUNDLE_IDENTIFIER = com.ithm.cont.vk;
				PRODUCT_NAME = "$(TARGET_NAME)";
				SWIFT_VERSION = 4.2;
				TARGETED_DEVICE_FAMILY = "1,2";
			};
			name = Release;
		};
/* End XCBuildConfiguration section */

/* Begin XCConfigurationList section */
		498EB7C2228BBAC500657B22 /* Build configuration list for PBXProject "vKontakte" */ = {
			isa = XCConfigurationList;
			buildConfigurations = (
				498EB7D7228BBAC800657B22 /* Debug */,
				498EB7D8228BBAC800657B22 /* Release */,
			);
			defaultConfigurationIsVisible = 0;
			defaultConfigurationName = Release;
		};
		498EB7D9228BBAC800657B22 /* Build configuration list for PBXNativeTarget "vKontakte" */ = {
			isa = XCConfigurationList;
			buildConfigurations = (
				498EB7DA228BBAC800657B22 /* Debug */,
				498EB7DB228BBAC800657B22 /* Release */,
			);
			defaultConfigurationIsVisible = 0;
			defaultConfigurationName = Release;
		};
/* End XCConfigurationList section */
	};
	rootObject = 498EB7BF228BBAC500657B22 /* Project object */;
}
